
Microsoft Visual Studio Solution File, Format Version 12.00
# Visual Studio 2013
VisualStudioVersion = 12.0.21005.1
MinimumVisualStudioVersion = 10.0.40219.1
Project("{FAE04EC0-301F-11D3-BF4B-00C04F79EFBC}") = "Numeric_Precision", "Numeric_Precision\Numeric_Precision.csproj", "{A6D4F4FB-3A6E-4048-80FB-85BC1CA6FFAB}"
EndProject
Project("{FAE04EC0-301F-11D3-BF4B-00C04F79EFBC}") = "NumericPrecisionLib", "NumericPrecisionLib\NumericPrecisionLib.csproj", "{12062D00-8E6C-4955-A168-6239D88B6752}"
EndProject
Global
	GlobalSection(SolutionConfigurationPlatforms) = preSolution
		Debug|Any CPU = Debug|Any CPU
		Release|Any CPU = Release|Any CPU
	EndGlobalSection
	GlobalSection(ProjectConfigurationPlatforms) = postSolution
		{A6D4F4FB-3A6E-4048-80FB-85BC1CA6FFAB}.Debug|Any CPU.ActiveCfg = Debug|Any CPU
		{A6D4F4FB-3A6E-4048-80FB-85BC1CA6FFAB}.Debug|Any CPU.Build.0 = Debug|Any CPU
		{A6D4F4FB-3A6E-4048-80FB-85BC1CA6FFAB}.Release|Any CPU.ActiveCfg = Release|Any CPU
		{A6D4F4FB-3A6E-4048-80FB-85BC1CA6FFAB}.Release|Any CPU.Build.0 = Release|Any CPU
		{12062D00-8E6C-4955-A168-6239D88B6752}.Debug|Any CPU.ActiveCfg = Debug|Any CPU
		{12062D00-8E6C-4955-A168-6239D88B6752}.Debug|Any CPU.Build.0 = Debug|Any CPU
		{12062D00-8E6C-4955-A168-6239D88B6752}.Release|Any CPU.ActiveCfg = Release|Any CPU
		{12062D00-8E6C-4955-A168-6239D88B6752}.Release|Any CPU.Build.0 = Release|Any CPU
	EndGlobalSection
	GlobalSection(SolutionProperties) = preSolution
		HideSolutionNode = FALSE
	EndGlobalSection
EndGlobal
